
Microsoft Visual Studio Solution File, Format Version 12.00
# Visual Studio Version 16
VisualStudioVersion = 16.0.31129.286
MinimumVisualStudioVersion = 10.0.40219.1
Project("{FAE04EC0-301F-11D3-BF4B-00C04F79EFBC}") = "task1.8", "task1.8\task1.8.csproj", "{1AB2619F-7F0D-462D-9A78-2A5B0632B363}"
EndProject
Global
	GlobalSection(SolutionConfigurationPlatforms) = preSolution
		Debug|Any CPU = Debug|Any CPU
		Release|Any CPU = Release|Any CPU
	EndGlobalSection
	GlobalSection(ProjectConfigurationPlatforms) = postSolution
		{1AB2619F-7F0D-462D-9A78-2A5B0632B363}.Debug|Any CPU.ActiveCfg = Debug|Any CPU
		{1AB2619F-7F0D-462D-9A78-2A5B0632B363}.Debug|Any CPU.Build.0 = Debug|Any CPU
		{1AB2619F-7F0D-462D-9A78-2A5B0632B363}.Release|Any CPU.ActiveCfg = Release|Any CPU
		{1AB2619F-7F0D-462D-9A78-2A5B0632B363}.Release|Any CPU.Build.0 = Release|Any CPU
	EndGlobalSection
	GlobalSection(SolutionProperties) = preSolution
		HideSolutionNode = FALSE
	EndGlobalSection
	GlobalSection(ExtensibilityGlobals) = postSolution
		SolutionGuid = {324CE01A-74F3-4C9D-BD40-9CED57D08ECA}
	EndGlobalSection
EndGlobal
