
Microsoft Visual Studio Solution File, Format Version 12.00
# Visual Studio Version 16
VisualStudioVersion = 16.0.31129.286
MinimumVisualStudioVersion = 10.0.40219.1
Project("{FAE04EC0-301F-11D3-BF4B-00C04F79EFBC}") = "task2.5", "task2.5\task2.5.csproj", "{974A9429-8244-4B97-9DDD-B52290E3F0BF}"
EndProject
Global
	GlobalSection(SolutionConfigurationPlatforms) = preSolution
		Debug|Any CPU = Debug|Any CPU
		Release|Any CPU = Release|Any CPU
	EndGlobalSection
	GlobalSection(ProjectConfigurationPlatforms) = postSolution
		{974A9429-8244-4B97-9DDD-B52290E3F0BF}.Debug|Any CPU.ActiveCfg = Debug|Any CPU
		{974A9429-8244-4B97-9DDD-B52290E3F0BF}.Debug|Any CPU.Build.0 = Debug|Any CPU
		{974A9429-8244-4B97-9DDD-B52290E3F0BF}.Release|Any CPU.ActiveCfg = Release|Any CPU
		{974A9429-8244-4B97-9DDD-B52290E3F0BF}.Release|Any CPU.Build.0 = Release|Any CPU
	EndGlobalSection
	GlobalSection(SolutionProperties) = preSolution
		HideSolutionNode = FALSE
	EndGlobalSection
	GlobalSection(ExtensibilityGlobals) = postSolution
		SolutionGuid = {77BD3A88-69BB-4A54-847A-4822A5EC4114}
	EndGlobalSection
EndGlobal
