
Microsoft Visual Studio Solution File, Format Version 12.00
# Visual Studio Version 16
VisualStudioVersion = 16.0.31129.286
MinimumVisualStudioVersion = 10.0.40219.1
Project("{FAE04EC0-301F-11D3-BF4B-00C04F79EFBC}") = "task2.6", "task2.6\task2.6.csproj", "{FDF075FE-B0E1-4D7F-8D0F-A5F33DC8BCFC}"
EndProject
Global
	GlobalSection(SolutionConfigurationPlatforms) = preSolution
		Debug|Any CPU = Debug|Any CPU
		Release|Any CPU = Release|Any CPU
	EndGlobalSection
	GlobalSection(ProjectConfigurationPlatforms) = postSolution
		{FDF075FE-B0E1-4D7F-8D0F-A5F33DC8BCFC}.Debug|Any CPU.ActiveCfg = Debug|Any CPU
		{FDF075FE-B0E1-4D7F-8D0F-A5F33DC8BCFC}.Debug|Any CPU.Build.0 = Debug|Any CPU
		{FDF075FE-B0E1-4D7F-8D0F-A5F33DC8BCFC}.Release|Any CPU.ActiveCfg = Release|Any CPU
		{FDF075FE-B0E1-4D7F-8D0F-A5F33DC8BCFC}.Release|Any CPU.Build.0 = Release|Any CPU
	EndGlobalSection
	GlobalSection(SolutionProperties) = preSolution
		HideSolutionNode = FALSE
	EndGlobalSection
	GlobalSection(ExtensibilityGlobals) = postSolution
		SolutionGuid = {A26A847E-A142-4E5F-A35E-52D0443A9E36}
	EndGlobalSection
EndGlobal
