
Microsoft Visual Studio Solution File, Format Version 12.00
# Visual Studio Version 16
VisualStudioVersion = 16.0.31129.286
MinimumVisualStudioVersion = 10.0.40219.1
Project("{FAE04EC0-301F-11D3-BF4B-00C04F79EFBC}") = "task2.8", "task2.8\task2.8.csproj", "{D07A5108-3FD5-4B5D-A98A-2CA02E37DC74}"
EndProject
Global
	GlobalSection(SolutionConfigurationPlatforms) = preSolution
		Debug|Any CPU = Debug|Any CPU
		Release|Any CPU = Release|Any CPU
	EndGlobalSection
	GlobalSection(ProjectConfigurationPlatforms) = postSolution
		{D07A5108-3FD5-4B5D-A98A-2CA02E37DC74}.Debug|Any CPU.ActiveCfg = Debug|Any CPU
		{D07A5108-3FD5-4B5D-A98A-2CA02E37DC74}.Debug|Any CPU.Build.0 = Debug|Any CPU
		{D07A5108-3FD5-4B5D-A98A-2CA02E37DC74}.Release|Any CPU.ActiveCfg = Release|Any CPU
		{D07A5108-3FD5-4B5D-A98A-2CA02E37DC74}.Release|Any CPU.Build.0 = Release|Any CPU
	EndGlobalSection
	GlobalSection(SolutionProperties) = preSolution
		HideSolutionNode = FALSE
	EndGlobalSection
	GlobalSection(ExtensibilityGlobals) = postSolution
		SolutionGuid = {21D20CF3-C1D6-4DD8-ADF8-7020A47CA4CA}
	EndGlobalSection
EndGlobal
