
Microsoft Visual Studio Solution File, Format Version 12.00
# Visual Studio Version 16
VisualStudioVersion = 16.0.31129.286
MinimumVisualStudioVersion = 10.0.40219.1
Project("{FAE04EC0-301F-11D3-BF4B-00C04F79EFBC}") = "task1.9", "task1.9\task1.9.csproj", "{A1F9239F-0D77-48B2-994A-6634CF95C0D2}"
EndProject
Global
	GlobalSection(SolutionConfigurationPlatforms) = preSolution
		Debug|Any CPU = Debug|Any CPU
		Release|Any CPU = Release|Any CPU
	EndGlobalSection
	GlobalSection(ProjectConfigurationPlatforms) = postSolution
		{A1F9239F-0D77-48B2-994A-6634CF95C0D2}.Debug|Any CPU.ActiveCfg = Debug|Any CPU
		{A1F9239F-0D77-48B2-994A-6634CF95C0D2}.Debug|Any CPU.Build.0 = Debug|Any CPU
		{A1F9239F-0D77-48B2-994A-6634CF95C0D2}.Release|Any CPU.ActiveCfg = Release|Any CPU
		{A1F9239F-0D77-48B2-994A-6634CF95C0D2}.Release|Any CPU.Build.0 = Release|Any CPU
	EndGlobalSection
	GlobalSection(SolutionProperties) = preSolution
		HideSolutionNode = FALSE
	EndGlobalSection
	GlobalSection(ExtensibilityGlobals) = postSolution
		SolutionGuid = {30C9C572-AAF9-4B3D-AEB0-2228D1346BC5}
	EndGlobalSection
EndGlobal
