
Microsoft Visual Studio Solution File, Format Version 12.00
# Visual Studio Version 16
VisualStudioVersion = 16.0.31129.286
MinimumVisualStudioVersion = 10.0.40219.1
Project("{FAE04EC0-301F-11D3-BF4B-00C04F79EFBC}") = "task1_2", "task1_2\task1_2.csproj", "{FFABB3E0-FD0E-4B18-A0F1-D088AF07901A}"
EndProject
Global
	GlobalSection(SolutionConfigurationPlatforms) = preSolution
		Debug|Any CPU = Debug|Any CPU
		Release|Any CPU = Release|Any CPU
	EndGlobalSection
	GlobalSection(ProjectConfigurationPlatforms) = postSolution
		{FFABB3E0-FD0E-4B18-A0F1-D088AF07901A}.Debug|Any CPU.ActiveCfg = Debug|Any CPU
		{FFABB3E0-FD0E-4B18-A0F1-D088AF07901A}.Debug|Any CPU.Build.0 = Debug|Any CPU
		{FFABB3E0-FD0E-4B18-A0F1-D088AF07901A}.Release|Any CPU.ActiveCfg = Release|Any CPU
		{FFABB3E0-FD0E-4B18-A0F1-D088AF07901A}.Release|Any CPU.Build.0 = Release|Any CPU
	EndGlobalSection
	GlobalSection(SolutionProperties) = preSolution
		HideSolutionNode = FALSE
	EndGlobalSection
	GlobalSection(ExtensibilityGlobals) = postSolution
		SolutionGuid = {5F363B80-20D0-48F0-9397-0D58EA5E4F14}
	EndGlobalSection
EndGlobal
